github.com/fatih/structtag v1.2.0 h1:/OdNE99OxoI/PqaW/SuSK9uxxT3f/tcSZgon/ssNSx4=
github.com/fatih/structtag v1.2.0/go.mod h1:mBJUNpUnHmRKrKlQQlmCrh5PuhftFbNv8Ys4/aAZl94=
github.com/fuji8/gotypeconverter v0.1.16-0.20220724080954-3839ac85f323 h1:/884+GWC6Lw9y/7UstEnMuJd1J2uiVzMGlUOrnLkEU8=
github.com/fuji8/gotypeconverter v0.1.16-0.20220724080954-3839ac85f323/go.mod h1:1nzYMsUg+AdGRDgRfQwPX6vhi9hwMAA7SSMuQk2gw8M=
github.com/gorilla/websocket v1.4.1/go.mod h1:YR8l580nyteQvAITg2hZ9XVh4b55+EU/adAjf1fMHhE=
github.com/gorilla/websocket v1.5.0 h1:PPwGk2jz7EePpoHN/+ClbZu8SPxiqlu12wZP/3sWmnc=
github.com/gorilla/websocket v1.5.0/go.mod h1:YR8l580nyteQvAITg2hZ9XVh4b55+EU/adAjf1fMHhE=
github.com/iancoleman/strcase v0.2.0 h1:05I4QRnGpI0m37iZQRuskXh+w77mr6Z41lwQzuHLwW0=
github.com/iancoleman/strcase v0.2.0/go.mod h1:iwCmte+B7n89clKwxIoIXy/HfoL7AsD47ZCWhYzw7ho=
github.com/mattn/go-colorable v0.1.2/go.mod h1:U0ppj6V5qS13XJ6of8GYAs25YV2eR4EVcfRqFIhoBtE=
github.com/mattn/go-colorable v0.1.12 h1:jF+Du6AlPIjs2BiUiQlKOX0rt3SujHxPnksPKZbaA40=
github.com/mattn/go-colorable v0.1.12/go.mod h1:u5H1YNBxpqRaxsYJYSkiCWKzEfiAb1Gb520KVy5xxl4=
github.com/mattn/go-isatty v0.0.8/go.mod h1:Iq45c/XA43vh69/j3iqttzPXn0bhXyGjM0Hdxcsrc5s=
github.com/mattn/go-isatty v0.0.14 h1:yVuAays6BHfxijgZPzw+3Zlu5yQgKGP2/hcQbHb7S9Y=
github.com/mattn/go-isatty v0.0.14/go.mod h1:7GGIvUiUoEMVVmxf/4nioHXj79iQHKdU27kJ6hsGG94=
github.com/petermattis/goid v0.0.0-20180202154549-b0b1615b78e5/go.mod h1:jvVRKCrJTQWu0XVbaOlby/2lO20uSCHEMzzplHXte1o=
github.com/petermattis/goid v0.0.0-20220712135657-ac599d9cba15 h1:4lW1DeHHRUzImL9Uz2Fa4j7IIJr+7FNfzjSJxGSZz/k=
github.com/petermattis/goid v0.0.0-20220712135657-ac599d9cba15/go.mod h1:pxMtw7cyUw6B2bRH0ZBANSPg+AoSud1I1iyJHI69jH4=
github.com/pkg/errors v0.9.1 h1:FEBLx1zS214owpjy7qsBeixbURkuhQAwrK5UwLGTwt4=
github.com/pkg/errors v0.9.1/go.mod h1:bwawxfHBFNV+L2hUp1rHADufV3IMtnDRdf1r5NINEl0=
github.com/sasha-s/go-deadlock v0.3.1 h1:sqv7fDNShgjcaxkO0JNcOAlr8B9+cV5Ey/OB71efZx0=
github.com/sasha-s/go-deadlock v0.3.1/go.mod h1:F73l+cr82YSh10GxyRI6qZiCgK64VaZjwesgfQ1/iLM=
github.com/sourcegraph/jsonrpc2 v0.1.0 h1:ohJHjZ+PcaLxDUjqk2NC3tIGsVa5bXThe1ZheSXOjuk=
github.com/sourcegraph/jsonrpc2 v0.1.0/go.mod h1:ZafdZgk/axhT1cvZAPOhw+95nz2I/Ra5qMlU4gTRwIo=
github.com/tliron/glsp v0.1.1 h1:GNNgUX9p1Q9MoPQooJoZ0+WaLL03EkhcKZUYJAtiNqs=
github.com/tliron/glsp v0.1.1/go.mod h1:RVyVKeY3U+Nlc3DRklUiaegNsQyjzNTEool6YWh1v7g=
github.com/tliron/kutil v0.1.61 h1:zOB8UAw/BF0f5YFpviSxNu7B1UfU850CDQRruyk/cl8=
github.com/tliron/kutil v0.1.61/go.mod h1:3wCyvZza8TAYKWpuxl/w0SiDmZXVcJeg+1ISytnAE7Y=
github.com/zchee/color/v2 v2.0.6 h1:+mD95jTXou3Bi8+ZWn3SOEDts36SNROILd9JId7VI9A=
github.com/zchee/color/v2 v2.0.6/go.mod h1:mtte+U+f1/0xODbqR9J+TfcTjd86MMv6KNmpnC8MiXk=
golang.org/x/crypto v0.0.0-20220722155217-630584e8d5aa h1:zuSxTR4o9y82ebqCUJYNGJbGPo6sKVl54f/TVDObg1c=
golang.org/x/crypto v0.0.0-20220722155217-630584e8d5aa/go.mod h1:IxCIyHEi3zRg3s0A5j5BB6A9Jmi73HwBIUl50j+osU4=
golang.org/x/exp/typeparams v0.0.0-20220722155223-a9213eeb770e h1:7Xs2YCOpMlNqSQSmrrnhlzBXIE/bpMecZplbLePTJvE=
golang.org/x/exp/typeparams v0.0.0-20220722155223-a9213eeb770e/go.mod h1:AbB0pIl9nAr9wVwH+Z2ZpaocVmF5I4GyWCDIsVjR0bk=
golang.org/x/mod v0.6.0-dev.0.20220419223038-86c51ed26bb4 h1:6zppjxzCulZykYSLyVDYbneBfbaBIQPYMevg0bEwv2s=
golang.org/x/mod v0.6.0-dev.0.20220419223038-86c51ed26bb4/go.mod h1:jJ57K6gSWd91VN4djpZkiMVwK6gcyfeH4XE8wZrZaV4=
golang.org/x/sys v0.0.0-20190222072716-a9d3bda3a223/go.mod h1:STP8DvDyc/dI5b8T5hshtkjS+E42TnysNCUPdjciGhY=
golang.org/x/sys v0.0.0-20190614084037-d442b75600c5/go.mod h1:h1NjWce9XRLGQEsW7wpKNCjG9DtNlClVuFLEZdDNbEs=
golang.org/x/sys v0.0.0-20210630005230-0f9fa26af87c/go.mod h1:oPkhp1MJrh7nUepCBck5+mAzfO9JrbApNNgaTdGDITg=
golang.org/x/sys v0.0.0-20210927094055-39ccf1dd6fa6/go.mod h1:oPkhp1MJrh7nUepCBck5+mAzfO9JrbApNNgaTdGDITg=
golang.org/x/sys v0.0.0-20220722155257-8c9f86f7a55f h1:v4INt8xihDGvnrfjMDVXGxw9wrfxYyCjk0KbXjhR55s=
golang.org/x/sys v0.0.0-20220722155257-8c9f86f7a55f/go.mod h1:oPkhp1MJrh7nUepCBck5+mAzfO9JrbApNNgaTdGDITg=
golang.org/x/term v0.0.0-20220722155259-a9ba230a4035 h1:Q5284mrmYTpACcm+eAKjKJH48BBwSyfJqmmGDTtT8Vc=
golang.org/x/term v0.0.0-20220722155259-a9ba230a4035/go.mod h1:jbD1KX2456YbFQfuXm/mYQcufACuNUgVhRMnK/tPxf8=
golang.org/x/tools v0.1.11 h1:loJ25fNOEhSXfHrpoGj91eCUThwdNX6u24rO1xnNteY=
golang.org/x/tools v0.1.11/go.mod h1:SgwaegtQh8clINPpECJMqnxLv9I09HLqnW3RMqW0CA4=
honnef.co/go/tools v0.3.2 h1:ytYb4rOqyp1TSa2EPvNVwtPQJctSELKaMyLfqNP4+34=
honnef.co/go/tools v0.3.2/go.mod h1:jzwdWgg7Jdq75wlfblQxO4neNaFFSvgc1tD5Wv8U0Yw=
